
Microsoft Visual Studio Solution File, Format Version 12.00
# Visual Studio Version 17
VisualStudioVersion = 17.0.31808.319
MinimumVisualStudioVersion = 10.0.40219.1
Project("{FAE04EC0-301F-11D3-BF4B-00C04F79EFBC}") = "JWTToken", "JWTToken.csproj", "{EB88A16C-6BE3-4170-BCD0-AC8BE7CE8970}"
EndProject
Global
	GlobalSection(SolutionConfigurationPlatforms) = preSolution
		Debug|Any CPU = Debug|Any CPU
		Release|Any CPU = Release|Any CPU
	EndGlobalSection
	GlobalSection(ProjectConfigurationPlatforms) = postSolution
		{EB88A16C-6BE3-4170-BCD0-AC8BE7CE8970}.Debug|Any CPU.ActiveCfg = Debug|Any CPU
		{EB88A16C-6BE3-4170-BCD0-AC8BE7CE8970}.Debug|Any CPU.Build.0 = Debug|Any CPU
		{EB88A16C-6BE3-4170-BCD0-AC8BE7CE8970}.Release|Any CPU.ActiveCfg = Release|Any CPU
		{EB88A16C-6BE3-4170-BCD0-AC8BE7CE8970}.Release|Any CPU.Build.0 = Release|Any CPU
	EndGlobalSection
	GlobalSection(SolutionProperties) = preSolution
		HideSolutionNode = FALSE
	EndGlobalSection
	GlobalSection(ExtensibilityGlobals) = postSolution
		SolutionGuid = {A2062083-18C4-4FD7-A630-3F9A9B9C33AC}
	EndGlobalSection
EndGlobal
